// !$*UTF8*$!
{
	archiveVersion = 1;
	classes = {
	};
	objectVersion = 46;
	objects = {

/* Begin PBXBuildFile section */
		ABEC72021C77768100A8FC01 /* AppDelegate.swift in Sources */ = {isa = PBXBuildFile; fileRef = ABEC72011C77768100A8FC01 /* AppDelegate.swift */; };
		ABEC72041C77768100A8FC01 /* ViewController.swift in Sources */ = {isa = PBXBuildFile; fileRef = ABEC72031C77768100A8FC01 /* ViewController.swift */; };
		ABEC72071C77768100A8FC01 /* Main.storyboard in Resources */ = {isa = PBXBuildFile; fileRef = ABEC72051C77768100A8FC01 /* Main.storyboard */; };
		ABEC72091C77768100A8FC01 /* Assets.xcassets in Resources */ = {isa = PBXBuildFile; fileRef = ABEC72081C77768100A8FC01 /* Assets.xcassets */; };
		ABEC720C1C77768100A8FC01 /* LaunchScreen.storyboard in Resources */ = {isa = PBXBuildFile; fileRef = ABEC720A1C77768100A8FC01 /* LaunchScreen.storyboard */; };
		ABEC72141C778D4100A8FC01 /* Minecraft.ttf in Resources */ = {isa = PBXBuildFile; fileRef = ABEC72131C778D4100A8FC01 /* Minecraft.ttf */; };
		ABEC72161C7794A500A8FC01 /* btn.wav in Resources */ = {isa = PBXBuildFile; fileRef = ABEC72151C7794A500A8FC01 /* btn.wav */; };
/* End PBXBuildFile section */

/* Begin PBXFileReference section */
		ABEC71FE1C77768100A8FC01 /* retro-calculator.app */ = {isa = PBXFileReference; explicitFileType = wrapper.application; includeInIndex = 0; path = "retro-calculator.app"; sourceTree = BUILT_PRODUCTS_DIR; };
		ABEC72011C77768100A8FC01 /* AppDelegate.swift */ = {isa = PBXFileReference; lastKnownFileType = sourcecode.swift; path = AppDelegate.swift; sourceTree = "<group>"; };
		ABEC72031C77768100A8FC01 /* ViewController.swift */ = {isa = PBXFileReference; lastKnownFileType = sourcecode.swift; path = ViewController.swift; sourceTree = "<group>"; };
		ABEC72061C77768100A8FC01 /* Base */ = {isa = PBXFileReference; lastKnownFileType = file.storyboard; name = Base; path = Base.lproj/Main.storyboard; sourceTree = "<group>"; };
		ABEC72081C77768100A8FC01 /* Assets.xcassets */ = {isa = PBXFileReference; lastKnownFileType = folder.assetcatalog; path = Assets.xcassets; sourceTree = "<group>"; };
		ABEC720B1C77768100A8FC01 /* Base */ = {isa = PBXFileReference; lastKnownFileType = file.storyboard; name = Base; path = Base.lproj/LaunchScreen.storyboard; sourceTree = "<group>"; };
		ABEC720D1C77768100A8FC01 /* Info.plist */ = {isa = PBXFileReference; lastKnownFileType = text.plist.xml; path = Info.plist; sourceTree = "<group>"; };
		ABEC72131C778D4100A8FC01 /* Minecraft.ttf */ = {isa = PBXFileReference; lastKnownFileType = file; path = Minecraft.ttf; sourceTree = "<group>"; };
		ABEC72151C7794A500A8FC01 /* btn.wav */ = {isa = PBXFileReference; lastKnownFileType = audio.wav; path = btn.wav; sourceTree = "<group>"; };
/* End PBXFileReference section */

/* Begin PBXFrameworksBuildPhase section */
		ABEC71FB1C77768100A8FC01 /* Frameworks */ = {
			isa = PBXFrameworksBuildPhase;
			buildActionMask = 2147483647;
			files = (
			);
			runOnlyForDeploymentPostprocessing = 0;
		};
/* End PBXFrameworksBuildPhase section */

/* Begin PBXGroup section */
		ABEC71F51C77768100A8FC01 = {
			isa = PBXGroup;
			children = (
				ABEC72001C77768100A8FC01 /* retro-calculator */,
				ABEC71FF1C77768100A8FC01 /* Products */,
			);
			sourceTree = "<group>";
		};
		ABEC71FF1C77768100A8FC01 /* Products */ = {
			isa = PBXGroup;
			children = (
				ABEC71FE1C77768100A8FC01 /* retro-calculator.app */,
			);
			name = Products;
			sourceTree = "<group>";
		};
		ABEC72001C77768100A8FC01 /* retro-calculator */ = {
			isa = PBXGroup;
			children = (
				ABEC72131C778D4100A8FC01 /* Minecraft.ttf */,
				ABEC72151C7794A500A8FC01 /* btn.wav */,
				ABEC72011C77768100A8FC01 /* AppDelegate.swift */,
				ABEC72031C77768100A8FC01 /* ViewController.swift */,
				ABEC72051C77768100A8FC01 /* Main.storyboard */,
				ABEC72081C77768100A8FC01 /* Assets.xcassets */,
				ABEC720A1C77768100A8FC01 /* LaunchScreen.storyboard */,
				ABEC720D1C77768100A8FC01 /* Info.plist */,
			);
			path = "retro-calculator";
			sourceTree = "<group>";
		};
/* End PBXGroup section */

/* Begin PBXNativeTarget section */
		ABEC71FD1C77768100A8FC01 /* retro-calculator */ = {
			isa = PBXNativeTarget;
			buildConfigurationList = ABEC72101C77768100A8FC01 /* Build configuration list for PBXNativeTarget "retro-calculator" */;
			buildPhases = (
				ABEC71FA1C77768100A8FC01 /* Sources */,
				ABEC71FB1C77768100A8FC01 /* Frameworks */,
				ABEC71FC1C77768100A8FC01 /* Resources */,
			);
			buildRules = (
			);
			dependencies = (
			);
			name = "retro-calculator";
			productName = "retro-calculator";
			productReference = ABEC71FE1C77768100A8FC01 /* retro-calculator.app */;
			productType = "com.apple.product-type.application";
		};
/* End PBXNativeTarget section */

/* Begin PBXProject section */
		ABEC71F61C77768100A8FC01 /* Project object */ = {
			isa = PBXProject;
			attributes = {
				LastSwiftUpdateCheck = 0720;
				LastUpgradeCheck = 0720;
				ORGANIZATIONNAME = "Mihai Alexandru Ionut Fleseriu";
				TargetAttributes = {
					ABEC71FD1C77768100A8FC01 = {
						CreatedOnToolsVersion = 7.2.1;
						DevelopmentTeam = 4PEJJ2T953;
					};
				};
			};
			buildConfigurationList = ABEC71F91C77768100A8FC01 /* Build configuration list for PBXProject "retro-calculator" */;
			compatibilityVersion = "Xcode 3.2";
			developmentRegion = English;
			hasScannedForEncodings = 0;
			knownRegions = (
				en,
				Base,
			);
			mainGroup = ABEC71F51C77768100A8FC01;
			productRefGroup = ABEC71FF1C77768100A8FC01 /* Products */;
			projectDirPath = "";
			projectRoot = "";
			targets = (
				ABEC71FD1C77768100A8FC01 /* retro-calculator */,
			);
		};
/* End PBXProject section */

/* Begin PBXResourcesBuildPhase section */
		ABEC71FC1C77768100A8FC01 /* Resources */ = {
			isa = PBXResourcesBuildPhase;
			buildActionMask = 2147483647;
			files = (
				ABEC72161C7794A500A8FC01 /* btn.wav in Resources */,
				ABEC720C1C77768100A8FC01 /* LaunchScreen.storyboard in Resources */,
				ABEC72091C77768100A8FC01 /* Assets.xcassets in Resources */,
				ABEC72141C778D4100A8FC01 /* Minecraft.ttf in Resources */,
				ABEC72071C77768100A8FC01 /* Main.storyboard in Resources */,
			);
			runOnlyForDeploymentPostprocessing = 0;
		};
/* End PBXResourcesBuildPhase section */

/* Begin PBXSourcesBuildPhase section */
		ABEC71FA1C77768100A8FC01 /* Sources */ = {
			isa = PBXSourcesBuildPhase;
			buildActionMask = 2147483647;
			files = (
				ABEC72041C77768100A8FC01 /* ViewController.swift in Sources */,
				ABEC72021C77768100A8FC01 /* AppDelegate.swift in Sources */,
			);
			runOnlyForDeploymentPostprocessing = 0;
		};
/* End PBXSourcesBuildPhase section */

/* Begin PBXVariantGroup section */
		ABEC72051C77768100A8FC01 /* Main.storyboard */ = {
			isa = PBXVariantGroup;
			children = (
				ABEC72061C77768100A8FC01 /* Base */,
			);
			name = Main.storyboard;
			sourceTree = "<group>";
		};
		ABEC720A1C77768100A8FC01 /* LaunchScreen.storyboard */ = {
			isa = PBXVariantGroup;
			children = (
				ABEC720B1C77768100A8FC01 /* Base */,
			);
			name = LaunchScreen.storyboard;
			sourceTree = "<group>";
		};
/* End PBXVariantGroup section */

/* Begin XCBuildConfiguration section */
		ABEC720E1C77768100A8FC01 /* Debug */ = {
			isa = XCBuildConfiguration;
			buildSettings = {
				ALWAYS_SEARCH_USER_PATHS = NO;
				CLANG_CXX_LANGUAGE_STANDARD = "gnu++0x";
				CLANG_CXX_LIBRARY = "libc++";
				CLANG_ENABLE_MODULES = YES;
				CLANG_ENABLE_OBJC_ARC = YES;
				CLANG_WARN_BOOL_CONVERSION = YES;
				CLANG_WARN_CONSTANT_CONVERSION = YES;
				CLANG_WARN_DIRECT_OBJC_ISA_USAGE = YES_ERROR;
				CLANG_WARN_EMPTY_BODY = YES;
				CLANG_WARN_ENUM_CONVERSION = YES;
				CLANG_WARN_INT_CONVERSION = YES;
				CLANG_WARN_OBJC_ROOT_CLASS = YES_ERROR;
				CLANG_WARN_UNREACHABLE_CODE = YES;
				CLANG_WARN__DUPLICATE_METHOD_MATCH = YES;
				"CODE_SIGN_IDENTITY[sdk=iphoneos*]" = "iPhone Developer";
				COPY_PHASE_STRIP = NO;
				DEBUG_INFORMATION_FORMAT = dwarf;
				ENABLE_STRICT_OBJC_MSGSEND = YES;
				ENABLE_TESTABILITY = YES;
				GCC_C_LANGUAGE_STANDARD = gnu99;
				GCC_DYNAMIC_NO_PIC = NO;
				GCC_NO_COMMON_BLOCKS = YES;
				GCC_OPTIMIZATION_LEVEL = 0;
				GCC_PREPROCESSOR_DEFINITIONS = (
					"DEBUG=1",
					"$(inherited)",
				);
				GCC_WARN_64_TO_32_BIT_CONVERSION = YES;
				GCC_WARN_ABOUT_RETURN_TYPE = YES_ERROR;
				GCC_WARN_UNDECLARED_SELECTOR = YES;
				GCC_WARN_UNINITIALIZED_AUTOS = YES_AGGRESSIVE;
				GCC_WARN_UNUSED_FUNCTION = YES;
				GCC_WARN_UNUSED_VARIABLE = YES;
				IPHONEOS_DEPLOYMENT_TARGET = 9.2;
				MTL_ENABLE_DEBUG_INFO = YES;
				ONLY_ACTIVE_ARCH = YES;
				SDKROOT = iphoneos;
				SWIFT_OPTIMIZATION_LEVEL = "-Onone";
			};
			name = Debug;
		};
		ABEC720F1C77768100A8FC01 /* Release */ = {
			isa = XCBuildConfiguration;
			buildSettings = {
				ALWAYS_SEARCH_USER_PATHS = NO;
				CLANG_CXX_LANGUAGE_STANDARD = "gnu++0x";
				CLANG_CXX_LIBRARY = "libc++";
				CLANG_ENABLE_MODULES = YES;
				CLANG_ENABLE_OBJC_ARC = YES;
				CLANG_WARN_BOOL_CONVERSION = YES;
				CLANG_WARN_CONSTANT_CONVERSION = YES;
				CLANG_WARN_DIRECT_OBJC_ISA_USAGE = YES_ERROR;
				CLANG_WARN_EMPTY_BODY = YES;
				CLANG_WARN_ENUM_CONVERSION = YES;
				CLANG_WARN_INT_CONVERSION = YES;
				CLANG_WARN_OBJC_ROOT_CLASS = YES_ERROR;
				CLANG_WARN_UNREACHABLE_CODE = YES;
				CLANG_WARN__DUPLICATE_METHOD_MATCH = YES;
				"CODE_SIGN_IDENTITY[sdk=iphoneos*]" = "iPhone Developer";
				COPY_PHASE_STRIP = NO;
				DEBUG_INFORMATION_FORMAT = "dwarf-with-dsym";
				ENABLE_NS_ASSERTIONS = NO;
				ENABLE_STRICT_OBJC_MSGSEND = YES;
				GCC_C_LANGUAGE_STANDARD = gnu99;
				GCC_NO_COMMON_BLOCKS = YES;
				GCC_WARN_64_TO_32_BIT_CONVERSION = YES;
				GCC_WARN_ABOUT_RETURN_TYPE = YES_ERROR;
				GCC_WARN_UNDECLARED_SELECTOR = YES;
				GCC_WARN_UNINITIALIZED_AUTOS = YES_AGGRESSIVE;
				GCC_WARN_UNUSED_FUNCTION = YES;
				GCC_WARN_UNUSED_VARIABLE = YES;
				IPHONEOS_DEPLOYMENT_TARGET = 9.2;
				MTL_ENABLE_DEBUG_INFO = NO;
				SDKROOT = iphoneos;
				VALIDATE_PRODUCT = YES;
			};
			name = Release;
		};
		ABEC72111C77768100A8FC01 /* Debug */ = {
			isa = XCBuildConfiguration;
			buildSettings = {
				ASSETCATALOG_COMPILER_APPICON_NAME = AppIcon;
				INFOPLIST_FILE = "retro-calculator/Info.plist";
				LD_RUNPATH_SEARCH_PATHS = "$(inherited) @executable_path/Frameworks";
				PRODUCT_BUNDLE_IDENTIFIER = "com.flashjpr.retro-calculator";
				PRODUCT_NAME = "$(TARGET_NAME)";
			};
			name = Debug;
		};
		ABEC72121C77768100A8FC01 /* Release */ = {
			isa = XCBuildConfiguration;
			buildSettings = {
				ASSETCATALOG_COMPILER_APPICON_NAME = AppIcon;
				INFOPLIST_FILE = "retro-calculator/Info.plist";
				LD_RUNPATH_SEARCH_PATHS = "$(inherited) @executable_path/Frameworks";
				PRODUCT_BUNDLE_IDENTIFIER = "com.flashjpr.retro-calculator";
				PRODUCT_NAME = "$(TARGET_NAME)";
			};
			name = Release;
		};
/* End XCBuildConfiguration section */

/* Begin XCConfigurationList section */
		ABEC71F91C77768100A8FC01 /* Build configuration list for PBXProject "retro-calculator" */ = {
			isa = XCConfigurationList;
			buildConfigurations = (
				ABEC720E1C77768100A8FC01 /* Debug */,
				ABEC720F1C77768100A8FC01 /* Release */,
			);
			defaultConfigurationIsVisible = 0;
			defaultConfigurationName = Release;
		};
		ABEC72101C77768100A8FC01 /* Build configuration list for PBXNativeTarget "retro-calculator" */ = {
			isa = XCConfigurationList;
			buildConfigurations = (
				ABEC72111C77768100A8FC01 /* Debug */,
				ABEC72121C77768100A8FC01 /* Release */,
			);
			defaultConfigurationIsVisible = 0;
		};
/* End XCConfigurationList section */
	};
	rootObject = ABEC71F61C77768100A8FC01 /* Project object */;
}
