// !$*UTF8*$!
{
	archiveVersion = 1;
	classes = {
	};
	objectVersion = 46;
	objects = {

/* Begin PBXBuildFile section */
		AB0551E11C70241F005FD7E1 /* AppDelegate.swift in Sources */ = {isa = PBXBuildFile; fileRef = AB0551E01C70241F005FD7E1 /* AppDelegate.swift */; };
		AB0551E31C70241F005FD7E1 /* ViewController.swift in Sources */ = {isa = PBXBuildFile; fileRef = AB0551E21C70241F005FD7E1 /* ViewController.swift */; };
		AB0551E61C70241F005FD7E1 /* Main.storyboard in Resources */ = {isa = PBXBuildFile; fileRef = AB0551E41C70241F005FD7E1 /* Main.storyboard */; };
		AB0551E81C70241F005FD7E1 /* Assets.xcassets in Resources */ = {isa = PBXBuildFile; fileRef = AB0551E71C70241F005FD7E1 /* Assets.xcassets */; };
		AB0551EB1C70241F005FD7E1 /* LaunchScreen.storyboard in Resources */ = {isa = PBXBuildFile; fileRef = AB0551E91C70241F005FD7E1 /* LaunchScreen.storyboard */; };
/* End PBXBuildFile section */

/* Begin PBXFileReference section */
		AB0551DD1C70241F005FD7E1 /* auto-layout-exercise.app */ = {isa = PBXFileReference; explicitFileType = wrapper.application; includeInIndex = 0; path = "auto-layout-exercise.app"; sourceTree = BUILT_PRODUCTS_DIR; };
		AB0551E01C70241F005FD7E1 /* AppDelegate.swift */ = {isa = PBXFileReference; lastKnownFileType = sourcecode.swift; path = AppDelegate.swift; sourceTree = "<group>"; };
		AB0551E21C70241F005FD7E1 /* ViewController.swift */ = {isa = PBXFileReference; lastKnownFileType = sourcecode.swift; path = ViewController.swift; sourceTree = "<group>"; };
		AB0551E51C70241F005FD7E1 /* Base */ = {isa = PBXFileReference; lastKnownFileType = file.storyboard; name = Base; path = Base.lproj/Main.storyboard; sourceTree = "<group>"; };
		AB0551E71C70241F005FD7E1 /* Assets.xcassets */ = {isa = PBXFileReference; lastKnownFileType = folder.assetcatalog; path = Assets.xcassets; sourceTree = "<group>"; };
		AB0551EA1C70241F005FD7E1 /* Base */ = {isa = PBXFileReference; lastKnownFileType = file.storyboard; name = Base; path = Base.lproj/LaunchScreen.storyboard; sourceTree = "<group>"; };
		AB0551EC1C70241F005FD7E1 /* Info.plist */ = {isa = PBXFileReference; lastKnownFileType = text.plist.xml; path = Info.plist; sourceTree = "<group>"; };
/* End PBXFileReference section */

/* Begin PBXFrameworksBuildPhase section */
		AB0551DA1C70241F005FD7E1 /* Frameworks */ = {
			isa = PBXFrameworksBuildPhase;
			buildActionMask = 2147483647;
			files = (
			);
			runOnlyForDeploymentPostprocessing = 0;
		};
/* End PBXFrameworksBuildPhase section */

/* Begin PBXGroup section */
		AB0551D41C70241F005FD7E1 = {
			isa = PBXGroup;
			children = (
				AB0551DF1C70241F005FD7E1 /* auto-layout-exercise */,
				AB0551DE1C70241F005FD7E1 /* Products */,
			);
			sourceTree = "<group>";
		};
		AB0551DE1C70241F005FD7E1 /* Products */ = {
			isa = PBXGroup;
			children = (
				AB0551DD1C70241F005FD7E1 /* auto-layout-exercise.app */,
			);
			name = Products;
			sourceTree = "<group>";
		};
		AB0551DF1C70241F005FD7E1 /* auto-layout-exercise */ = {
			isa = PBXGroup;
			children = (
				AB0551E01C70241F005FD7E1 /* AppDelegate.swift */,
				AB0551E21C70241F005FD7E1 /* ViewController.swift */,
				AB0551E41C70241F005FD7E1 /* Main.storyboard */,
				AB0551E71C70241F005FD7E1 /* Assets.xcassets */,
				AB0551E91C70241F005FD7E1 /* LaunchScreen.storyboard */,
				AB0551EC1C70241F005FD7E1 /* Info.plist */,
			);
			path = "auto-layout-exercise";
			sourceTree = "<group>";
		};
/* End PBXGroup section */

/* Begin PBXNativeTarget section */
		AB0551DC1C70241F005FD7E1 /* auto-layout-exercise */ = {
			isa = PBXNativeTarget;
			buildConfigurationList = AB0551EF1C70241F005FD7E1 /* Build configuration list for PBXNativeTarget "auto-layout-exercise" */;
			buildPhases = (
				AB0551D91C70241F005FD7E1 /* Sources */,
				AB0551DA1C70241F005FD7E1 /* Frameworks */,
				AB0551DB1C70241F005FD7E1 /* Resources */,
			);
			buildRules = (
			);
			dependencies = (
			);
			name = "auto-layout-exercise";
			productName = "auto-layout-exercise";
			productReference = AB0551DD1C70241F005FD7E1 /* auto-layout-exercise.app */;
			productType = "com.apple.product-type.application";
		};
/* End PBXNativeTarget section */

/* Begin PBXProject section */
		AB0551D51C70241F005FD7E1 /* Project object */ = {
			isa = PBXProject;
			attributes = {
				LastSwiftUpdateCheck = 0720;
				LastUpgradeCheck = 0720;
				ORGANIZATIONNAME = "Mihai Alexandru Ionut Fleseriu";
				TargetAttributes = {
					AB0551DC1C70241F005FD7E1 = {
						CreatedOnToolsVersion = 7.2.1;
						DevelopmentTeam = 4PEJJ2T953;
					};
				};
			};
			buildConfigurationList = AB0551D81C70241F005FD7E1 /* Build configuration list for PBXProject "auto-layout-exercise" */;
			compatibilityVersion = "Xcode 3.2";
			developmentRegion = English;
			hasScannedForEncodings = 0;
			knownRegions = (
				en,
				Base,
			);
			mainGroup = AB0551D41C70241F005FD7E1;
			productRefGroup = AB0551DE1C70241F005FD7E1 /* Products */;
			projectDirPath = "";
			projectRoot = "";
			targets = (
				AB0551DC1C70241F005FD7E1 /* auto-layout-exercise */,
			);
		};
/* End PBXProject section */

/* Begin PBXResourcesBuildPhase section */
		AB0551DB1C70241F005FD7E1 /* Resources */ = {
			isa = PBXResourcesBuildPhase;
			buildActionMask = 2147483647;
			files = (
				AB0551EB1C70241F005FD7E1 /* LaunchScreen.storyboard in Resources */,
				AB0551E81C70241F005FD7E1 /* Assets.xcassets in Resources */,
				AB0551E61C70241F005FD7E1 /* Main.storyboard in Resources */,
			);
			runOnlyForDeploymentPostprocessing = 0;
		};
/* End PBXResourcesBuildPhase section */

/* Begin PBXSourcesBuildPhase section */
		AB0551D91C70241F005FD7E1 /* Sources */ = {
			isa = PBXSourcesBuildPhase;
			buildActionMask = 2147483647;
			files = (
				AB0551E31C70241F005FD7E1 /* ViewController.swift in Sources */,
				AB0551E11C70241F005FD7E1 /* AppDelegate.swift in Sources */,
			);
			runOnlyForDeploymentPostprocessing = 0;
		};
/* End PBXSourcesBuildPhase section */

/* Begin PBXVariantGroup section */
		AB0551E41C70241F005FD7E1 /* Main.storyboard */ = {
			isa = PBXVariantGroup;
			children = (
				AB0551E51C70241F005FD7E1 /* Base */,
			);
			name = Main.storyboard;
			sourceTree = "<group>";
		};
		AB0551E91C70241F005FD7E1 /* LaunchScreen.storyboard */ = {
			isa = PBXVariantGroup;
			children = (
				AB0551EA1C70241F005FD7E1 /* Base */,
			);
			name = LaunchScreen.storyboard;
			sourceTree = "<group>";
		};
/* End PBXVariantGroup section */

/* Begin XCBuildConfiguration section */
		AB0551ED1C70241F005FD7E1 /* Debug */ = {
			isa = XCBuildConfiguration;
			buildSettings = {
				ALWAYS_SEARCH_USER_PATHS = NO;
				CLANG_CXX_LANGUAGE_STANDARD = "gnu++0x";
				CLANG_CXX_LIBRARY = "libc++";
				CLANG_ENABLE_MODULES = YES;
				CLANG_ENABLE_OBJC_ARC = YES;
				CLANG_WARN_BOOL_CONVERSION = YES;
				CLANG_WARN_CONSTANT_CONVERSION = YES;
				CLANG_WARN_DIRECT_OBJC_ISA_USAGE = YES_ERROR;
				CLANG_WARN_EMPTY_BODY = YES;
				CLANG_WARN_ENUM_CONVERSION = YES;
				CLANG_WARN_INT_CONVERSION = YES;
				CLANG_WARN_OBJC_ROOT_CLASS = YES_ERROR;
				CLANG_WARN_UNREACHABLE_CODE = YES;
				CLANG_WARN__DUPLICATE_METHOD_MATCH = YES;
				"CODE_SIGN_IDENTITY[sdk=iphoneos*]" = "iPhone Developer";
				COPY_PHASE_STRIP = NO;
				DEBUG_INFORMATION_FORMAT = dwarf;
				ENABLE_STRICT_OBJC_MSGSEND = YES;
				ENABLE_TESTABILITY = YES;
				GCC_C_LANGUAGE_STANDARD = gnu99;
				GCC_DYNAMIC_NO_PIC = NO;
				GCC_NO_COMMON_BLOCKS = YES;
				GCC_OPTIMIZATION_LEVEL = 0;
				GCC_PREPROCESSOR_DEFINITIONS = (
					"DEBUG=1",
					"$(inherited)",
				);
				GCC_WARN_64_TO_32_BIT_CONVERSION = YES;
				GCC_WARN_ABOUT_RETURN_TYPE = YES_ERROR;
				GCC_WARN_UNDECLARED_SELECTOR = YES;
				GCC_WARN_UNINITIALIZED_AUTOS = YES_AGGRESSIVE;
				GCC_WARN_UNUSED_FUNCTION = YES;
				GCC_WARN_UNUSED_VARIABLE = YES;
				IPHONEOS_DEPLOYMENT_TARGET = 9.2;
				MTL_ENABLE_DEBUG_INFO = YES;
				ONLY_ACTIVE_ARCH = YES;
				SDKROOT = iphoneos;
				SWIFT_OPTIMIZATION_LEVEL = "-Onone";
			};
			name = Debug;
		};
		AB0551EE1C70241F005FD7E1 /* Release */ = {
			isa = XCBuildConfiguration;
			buildSettings = {
				ALWAYS_SEARCH_USER_PATHS = NO;
				CLANG_CXX_LANGUAGE_STANDARD = "gnu++0x";
				CLANG_CXX_LIBRARY = "libc++";
				CLANG_ENABLE_MODULES = YES;
				CLANG_ENABLE_OBJC_ARC = YES;
				CLANG_WARN_BOOL_CONVERSION = YES;
				CLANG_WARN_CONSTANT_CONVERSION = YES;
				CLANG_WARN_DIRECT_OBJC_ISA_USAGE = YES_ERROR;
				CLANG_WARN_EMPTY_BODY = YES;
				CLANG_WARN_ENUM_CONVERSION = YES;
				CLANG_WARN_INT_CONVERSION = YES;
				CLANG_WARN_OBJC_ROOT_CLASS = YES_ERROR;
				CLANG_WARN_UNREACHABLE_CODE = YES;
				CLANG_WARN__DUPLICATE_METHOD_MATCH = YES;
				"CODE_SIGN_IDENTITY[sdk=iphoneos*]" = "iPhone Developer";
				COPY_PHASE_STRIP = NO;
				DEBUG_INFORMATION_FORMAT = "dwarf-with-dsym";
				ENABLE_NS_ASSERTIONS = NO;
				ENABLE_STRICT_OBJC_MSGSEND = YES;
				GCC_C_LANGUAGE_STANDARD = gnu99;
				GCC_NO_COMMON_BLOCKS = YES;
				GCC_WARN_64_TO_32_BIT_CONVERSION = YES;
				GCC_WARN_ABOUT_RETURN_TYPE = YES_ERROR;
				GCC_WARN_UNDECLARED_SELECTOR = YES;
				GCC_WARN_UNINITIALIZED_AUTOS = YES_AGGRESSIVE;
				GCC_WARN_UNUSED_FUNCTION = YES;
				GCC_WARN_UNUSED_VARIABLE = YES;
				IPHONEOS_DEPLOYMENT_TARGET = 9.2;
				MTL_ENABLE_DEBUG_INFO = NO;
				SDKROOT = iphoneos;
				VALIDATE_PRODUCT = YES;
			};
			name = Release;
		};
		AB0551F01C70241F005FD7E1 /* Debug */ = {
			isa = XCBuildConfiguration;
			buildSettings = {
				ASSETCATALOG_COMPILER_APPICON_NAME = AppIcon;
				INFOPLIST_FILE = "auto-layout-exercise/Info.plist";
				LD_RUNPATH_SEARCH_PATHS = "$(inherited) @executable_path/Frameworks";
				PRODUCT_BUNDLE_IDENTIFIER = "com.flashjpr.auto-layout-exercise";
				PRODUCT_NAME = "$(TARGET_NAME)";
			};
			name = Debug;
		};
		AB0551F11C70241F005FD7E1 /* Release */ = {
			isa = XCBuildConfiguration;
			buildSettings = {
				ASSETCATALOG_COMPILER_APPICON_NAME = AppIcon;
				INFOPLIST_FILE = "auto-layout-exercise/Info.plist";
				LD_RUNPATH_SEARCH_PATHS = "$(inherited) @executable_path/Frameworks";
				PRODUCT_BUNDLE_IDENTIFIER = "com.flashjpr.auto-layout-exercise";
				PRODUCT_NAME = "$(TARGET_NAME)";
			};
			name = Release;
		};
/* End XCBuildConfiguration section */

/* Begin XCConfigurationList section */
		AB0551D81C70241F005FD7E1 /* Build configuration list for PBXProject "auto-layout-exercise" */ = {
			isa = XCConfigurationList;
			buildConfigurations = (
				AB0551ED1C70241F005FD7E1 /* Debug */,
				AB0551EE1C70241F005FD7E1 /* Release */,
			);
			defaultConfigurationIsVisible = 0;
			defaultConfigurationName = Release;
		};
		AB0551EF1C70241F005FD7E1 /* Build configuration list for PBXNativeTarget "auto-layout-exercise" */ = {
			isa = XCConfigurationList;
			buildConfigurations = (
				AB0551F01C70241F005FD7E1 /* Debug */,
				AB0551F11C70241F005FD7E1 /* Release */,
			);
			defaultConfigurationIsVisible = 0;
		};
/* End XCConfigurationList section */
	};
	rootObject = AB0551D51C70241F005FD7E1 /* Project object */;
}
