// !$*UTF8*$!
{
	archiveVersion = 1;
	classes = {
	};
	objectVersion = 46;
	objects = {

/* Begin PBXBuildFile section */
		AB0551FF1C70BB7B005FD7E1 /* AppDelegate.swift in Sources */ = {isa = PBXBuildFile; fileRef = AB0551FE1C70BB7B005FD7E1 /* AppDelegate.swift */; };
		AB0552011C70BB7B005FD7E1 /* ViewController.swift in Sources */ = {isa = PBXBuildFile; fileRef = AB0552001C70BB7B005FD7E1 /* ViewController.swift */; };
		AB0552041C70BB7B005FD7E1 /* Main.storyboard in Resources */ = {isa = PBXBuildFile; fileRef = AB0552021C70BB7B005FD7E1 /* Main.storyboard */; };
		AB0552061C70BB7B005FD7E1 /* Assets.xcassets in Resources */ = {isa = PBXBuildFile; fileRef = AB0552051C70BB7B005FD7E1 /* Assets.xcassets */; };
		AB0552091C70BB7B005FD7E1 /* LaunchScreen.storyboard in Resources */ = {isa = PBXBuildFile; fileRef = AB0552071C70BB7B005FD7E1 /* LaunchScreen.storyboard */; };
/* End PBXBuildFile section */

/* Begin PBXFileReference section */
		AB0551FB1C70BB7B005FD7E1 /* tapper-extreme.app */ = {isa = PBXFileReference; explicitFileType = wrapper.application; includeInIndex = 0; path = "tapper-extreme.app"; sourceTree = BUILT_PRODUCTS_DIR; };
		AB0551FE1C70BB7B005FD7E1 /* AppDelegate.swift */ = {isa = PBXFileReference; lastKnownFileType = sourcecode.swift; path = AppDelegate.swift; sourceTree = "<group>"; };
		AB0552001C70BB7B005FD7E1 /* ViewController.swift */ = {isa = PBXFileReference; lastKnownFileType = sourcecode.swift; path = ViewController.swift; sourceTree = "<group>"; };
		AB0552031C70BB7B005FD7E1 /* Base */ = {isa = PBXFileReference; lastKnownFileType = file.storyboard; name = Base; path = Base.lproj/Main.storyboard; sourceTree = "<group>"; };
		AB0552051C70BB7B005FD7E1 /* Assets.xcassets */ = {isa = PBXFileReference; lastKnownFileType = folder.assetcatalog; path = Assets.xcassets; sourceTree = "<group>"; };
		AB0552081C70BB7B005FD7E1 /* Base */ = {isa = PBXFileReference; lastKnownFileType = file.storyboard; name = Base; path = Base.lproj/LaunchScreen.storyboard; sourceTree = "<group>"; };
		AB05520A1C70BB7B005FD7E1 /* Info.plist */ = {isa = PBXFileReference; lastKnownFileType = text.plist.xml; path = Info.plist; sourceTree = "<group>"; };
/* End PBXFileReference section */

/* Begin PBXFrameworksBuildPhase section */
		AB0551F81C70BB7B005FD7E1 /* Frameworks */ = {
			isa = PBXFrameworksBuildPhase;
			buildActionMask = 2147483647;
			files = (
			);
			runOnlyForDeploymentPostprocessing = 0;
		};
/* End PBXFrameworksBuildPhase section */

/* Begin PBXGroup section */
		AB0551F21C70BB7B005FD7E1 = {
			isa = PBXGroup;
			children = (
				AB0551FD1C70BB7B005FD7E1 /* tapper-extreme */,
				AB0551FC1C70BB7B005FD7E1 /* Products */,
			);
			sourceTree = "<group>";
		};
		AB0551FC1C70BB7B005FD7E1 /* Products */ = {
			isa = PBXGroup;
			children = (
				AB0551FB1C70BB7B005FD7E1 /* tapper-extreme.app */,
			);
			name = Products;
			sourceTree = "<group>";
		};
		AB0551FD1C70BB7B005FD7E1 /* tapper-extreme */ = {
			isa = PBXGroup;
			children = (
				AB0551FE1C70BB7B005FD7E1 /* AppDelegate.swift */,
				AB0552001C70BB7B005FD7E1 /* ViewController.swift */,
				AB0552021C70BB7B005FD7E1 /* Main.storyboard */,
				AB0552051C70BB7B005FD7E1 /* Assets.xcassets */,
				AB0552071C70BB7B005FD7E1 /* LaunchScreen.storyboard */,
				AB05520A1C70BB7B005FD7E1 /* Info.plist */,
			);
			path = "tapper-extreme";
			sourceTree = "<group>";
		};
/* End PBXGroup section */

/* Begin PBXNativeTarget section */
		AB0551FA1C70BB7B005FD7E1 /* tapper-extreme */ = {
			isa = PBXNativeTarget;
			buildConfigurationList = AB05520D1C70BB7B005FD7E1 /* Build configuration list for PBXNativeTarget "tapper-extreme" */;
			buildPhases = (
				AB0551F71C70BB7B005FD7E1 /* Sources */,
				AB0551F81C70BB7B005FD7E1 /* Frameworks */,
				AB0551F91C70BB7B005FD7E1 /* Resources */,
			);
			buildRules = (
			);
			dependencies = (
			);
			name = "tapper-extreme";
			productName = "tapper-extreme";
			productReference = AB0551FB1C70BB7B005FD7E1 /* tapper-extreme.app */;
			productType = "com.apple.product-type.application";
		};
/* End PBXNativeTarget section */

/* Begin PBXProject section */
		AB0551F31C70BB7B005FD7E1 /* Project object */ = {
			isa = PBXProject;
			attributes = {
				LastSwiftUpdateCheck = 0720;
				LastUpgradeCheck = 0720;
				ORGANIZATIONNAME = "Mihai Alexandru Ionut Fleseriu";
				TargetAttributes = {
					AB0551FA1C70BB7B005FD7E1 = {
						CreatedOnToolsVersion = 7.2.1;
						DevelopmentTeam = 4PEJJ2T953;
					};
				};
			};
			buildConfigurationList = AB0551F61C70BB7B005FD7E1 /* Build configuration list for PBXProject "tapper-extreme" */;
			compatibilityVersion = "Xcode 3.2";
			developmentRegion = English;
			hasScannedForEncodings = 0;
			knownRegions = (
				en,
				Base,
			);
			mainGroup = AB0551F21C70BB7B005FD7E1;
			productRefGroup = AB0551FC1C70BB7B005FD7E1 /* Products */;
			projectDirPath = "";
			projectRoot = "";
			targets = (
				AB0551FA1C70BB7B005FD7E1 /* tapper-extreme */,
			);
		};
/* End PBXProject section */

/* Begin PBXResourcesBuildPhase section */
		AB0551F91C70BB7B005FD7E1 /* Resources */ = {
			isa = PBXResourcesBuildPhase;
			buildActionMask = 2147483647;
			files = (
				AB0552091C70BB7B005FD7E1 /* LaunchScreen.storyboard in Resources */,
				AB0552061C70BB7B005FD7E1 /* Assets.xcassets in Resources */,
				AB0552041C70BB7B005FD7E1 /* Main.storyboard in Resources */,
			);
			runOnlyForDeploymentPostprocessing = 0;
		};
/* End PBXResourcesBuildPhase section */

/* Begin PBXSourcesBuildPhase section */
		AB0551F71C70BB7B005FD7E1 /* Sources */ = {
			isa = PBXSourcesBuildPhase;
			buildActionMask = 2147483647;
			files = (
				AB0552011C70BB7B005FD7E1 /* ViewController.swift in Sources */,
				AB0551FF1C70BB7B005FD7E1 /* AppDelegate.swift in Sources */,
			);
			runOnlyForDeploymentPostprocessing = 0;
		};
/* End PBXSourcesBuildPhase section */

/* Begin PBXVariantGroup section */
		AB0552021C70BB7B005FD7E1 /* Main.storyboard */ = {
			isa = PBXVariantGroup;
			children = (
				AB0552031C70BB7B005FD7E1 /* Base */,
			);
			name = Main.storyboard;
			sourceTree = "<group>";
		};
		AB0552071C70BB7B005FD7E1 /* LaunchScreen.storyboard */ = {
			isa = PBXVariantGroup;
			children = (
				AB0552081C70BB7B005FD7E1 /* Base */,
			);
			name = LaunchScreen.storyboard;
			sourceTree = "<group>";
		};
/* End PBXVariantGroup section */

/* Begin XCBuildConfiguration section */
		AB05520B1C70BB7B005FD7E1 /* Debug */ = {
			isa = XCBuildConfiguration;
			buildSettings = {
				ALWAYS_SEARCH_USER_PATHS = NO;
				CLANG_CXX_LANGUAGE_STANDARD = "gnu++0x";
				CLANG_CXX_LIBRARY = "libc++";
				CLANG_ENABLE_MODULES = YES;
				CLANG_ENABLE_OBJC_ARC = YES;
				CLANG_WARN_BOOL_CONVERSION = YES;
				CLANG_WARN_CONSTANT_CONVERSION = YES;
				CLANG_WARN_DIRECT_OBJC_ISA_USAGE = YES_ERROR;
				CLANG_WARN_EMPTY_BODY = YES;
				CLANG_WARN_ENUM_CONVERSION = YES;
				CLANG_WARN_INT_CONVERSION = YES;
				CLANG_WARN_OBJC_ROOT_CLASS = YES_ERROR;
				CLANG_WARN_UNREACHABLE_CODE = YES;
				CLANG_WARN__DUPLICATE_METHOD_MATCH = YES;
				"CODE_SIGN_IDENTITY[sdk=iphoneos*]" = "iPhone Developer";
				COPY_PHASE_STRIP = NO;
				DEBUG_INFORMATION_FORMAT = dwarf;
				ENABLE_STRICT_OBJC_MSGSEND = YES;
				ENABLE_TESTABILITY = YES;
				GCC_C_LANGUAGE_STANDARD = gnu99;
				GCC_DYNAMIC_NO_PIC = NO;
				GCC_NO_COMMON_BLOCKS = YES;
				GCC_OPTIMIZATION_LEVEL = 0;
				GCC_PREPROCESSOR_DEFINITIONS = (
					"DEBUG=1",
					"$(inherited)",
				);
				GCC_WARN_64_TO_32_BIT_CONVERSION = YES;
				GCC_WARN_ABOUT_RETURN_TYPE = YES_ERROR;
				GCC_WARN_UNDECLARED_SELECTOR = YES;
				GCC_WARN_UNINITIALIZED_AUTOS = YES_AGGRESSIVE;
				GCC_WARN_UNUSED_FUNCTION = YES;
				GCC_WARN_UNUSED_VARIABLE = YES;
				IPHONEOS_DEPLOYMENT_TARGET = 9.2;
				MTL_ENABLE_DEBUG_INFO = YES;
				ONLY_ACTIVE_ARCH = YES;
				SDKROOT = iphoneos;
				SWIFT_OPTIMIZATION_LEVEL = "-Onone";
			};
			name = Debug;
		};
		AB05520C1C70BB7B005FD7E1 /* Release */ = {
			isa = XCBuildConfiguration;
			buildSettings = {
				ALWAYS_SEARCH_USER_PATHS = NO;
				CLANG_CXX_LANGUAGE_STANDARD = "gnu++0x";
				CLANG_CXX_LIBRARY = "libc++";
				CLANG_ENABLE_MODULES = YES;
				CLANG_ENABLE_OBJC_ARC = YES;
				CLANG_WARN_BOOL_CONVERSION = YES;
				CLANG_WARN_CONSTANT_CONVERSION = YES;
				CLANG_WARN_DIRECT_OBJC_ISA_USAGE = YES_ERROR;
				CLANG_WARN_EMPTY_BODY = YES;
				CLANG_WARN_ENUM_CONVERSION = YES;
				CLANG_WARN_INT_CONVERSION = YES;
				CLANG_WARN_OBJC_ROOT_CLASS = YES_ERROR;
				CLANG_WARN_UNREACHABLE_CODE = YES;
				CLANG_WARN__DUPLICATE_METHOD_MATCH = YES;
				"CODE_SIGN_IDENTITY[sdk=iphoneos*]" = "iPhone Developer";
				COPY_PHASE_STRIP = NO;
				DEBUG_INFORMATION_FORMAT = "dwarf-with-dsym";
				ENABLE_NS_ASSERTIONS = NO;
				ENABLE_STRICT_OBJC_MSGSEND = YES;
				GCC_C_LANGUAGE_STANDARD = gnu99;
				GCC_NO_COMMON_BLOCKS = YES;
				GCC_WARN_64_TO_32_BIT_CONVERSION = YES;
				GCC_WARN_ABOUT_RETURN_TYPE = YES_ERROR;
				GCC_WARN_UNDECLARED_SELECTOR = YES;
				GCC_WARN_UNINITIALIZED_AUTOS = YES_AGGRESSIVE;
				GCC_WARN_UNUSED_FUNCTION = YES;
				GCC_WARN_UNUSED_VARIABLE = YES;
				IPHONEOS_DEPLOYMENT_TARGET = 9.2;
				MTL_ENABLE_DEBUG_INFO = NO;
				SDKROOT = iphoneos;
				VALIDATE_PRODUCT = YES;
			};
			name = Release;
		};
		AB05520E1C70BB7B005FD7E1 /* Debug */ = {
			isa = XCBuildConfiguration;
			buildSettings = {
				ASSETCATALOG_COMPILER_APPICON_NAME = AppIcon;
				INFOPLIST_FILE = "tapper-extreme/Info.plist";
				LD_RUNPATH_SEARCH_PATHS = "$(inherited) @executable_path/Frameworks";
				PRODUCT_BUNDLE_IDENTIFIER = "com.flashjpr.tapper-extreme";
				PRODUCT_NAME = "$(TARGET_NAME)";
				TARGETED_DEVICE_FAMILY = "1,2";
			};
			name = Debug;
		};
		AB05520F1C70BB7B005FD7E1 /* Release */ = {
			isa = XCBuildConfiguration;
			buildSettings = {
				ASSETCATALOG_COMPILER_APPICON_NAME = AppIcon;
				INFOPLIST_FILE = "tapper-extreme/Info.plist";
				LD_RUNPATH_SEARCH_PATHS = "$(inherited) @executable_path/Frameworks";
				PRODUCT_BUNDLE_IDENTIFIER = "com.flashjpr.tapper-extreme";
				PRODUCT_NAME = "$(TARGET_NAME)";
				TARGETED_DEVICE_FAMILY = "1,2";
			};
			name = Release;
		};
/* End XCBuildConfiguration section */

/* Begin XCConfigurationList section */
		AB0551F61C70BB7B005FD7E1 /* Build configuration list for PBXProject "tapper-extreme" */ = {
			isa = XCConfigurationList;
			buildConfigurations = (
				AB05520B1C70BB7B005FD7E1 /* Debug */,
				AB05520C1C70BB7B005FD7E1 /* Release */,
			);
			defaultConfigurationIsVisible = 0;
			defaultConfigurationName = Release;
		};
		AB05520D1C70BB7B005FD7E1 /* Build configuration list for PBXNativeTarget "tapper-extreme" */ = {
			isa = XCConfigurationList;
			buildConfigurations = (
				AB05520E1C70BB7B005FD7E1 /* Debug */,
				AB05520F1C70BB7B005FD7E1 /* Release */,
			);
			defaultConfigurationIsVisible = 0;
		};
/* End XCConfigurationList section */
	};
	rootObject = AB0551F31C70BB7B005FD7E1 /* Project object */;
}
